
Microsoft Visual Studio Solution File, Format Version 12.00
# Visual Studio Version 17
VisualStudioVersion = 17.14.36203.30 d17.14
MinimumVisualStudioVersion = 10.0.40219.1
Project("{FAE04EC0-301F-11D3-BF4B-00C04F79EFBC}") = "Fit-Track-API", "Fit-Track-API.csproj", "{F5870166-F801-4E6F-8BCB-00A19952AAF9}"
EndProject
Global
	GlobalSection(SolutionConfigurationPlatforms) = preSolution
		Debug|Any CPU = Debug|Any CPU
		Release|Any CPU = Release|Any CPU
	EndGlobalSection
	GlobalSection(ProjectConfigurationPlatforms) = postSolution
		{F5870166-F801-4E6F-8BCB-00A19952AAF9}.Debug|Any CPU.ActiveCfg = Debug|Any CPU
		{F5870166-F801-4E6F-8BCB-00A19952AAF9}.Debug|Any CPU.Build.0 = Debug|Any CPU
		{F5870166-F801-4E6F-8BCB-00A19952AAF9}.Release|Any CPU.ActiveCfg = Release|Any CPU
		{F5870166-F801-4E6F-8BCB-00A19952AAF9}.Release|Any CPU.Build.0 = Release|Any CPU
	EndGlobalSection
	GlobalSection(SolutionProperties) = preSolution
		HideSolutionNode = FALSE
	EndGlobalSection
	GlobalSection(ExtensibilityGlobals) = postSolution
		SolutionGuid = {D13D96B9-91C1-4D3F-B8FB-7ADC39F94BBF}
	EndGlobalSection
EndGlobal
